// !$*UTF8*$!
{
	archiveVersion = 1;
	classes = {
	};
	objectVersion = 50;
	objects = {

/* Begin PBXBuildFile section */
		100D00242229FB23001E579E /* AppDelegate.swift in Sources */ = {isa = PBXBuildFile; fileRef = 100D00232229FB23001E579E /* AppDelegate.swift */; };
		100D00262229FB23001E579E /* ViewController.swift in Sources */ = {isa = PBXBuildFile; fileRef = 100D00252229FB23001E579E /* ViewController.swift */; };
		100D00292229FB23001E579E /* Main.storyboard in Resources */ = {isa = PBXBuildFile; fileRef = 100D00272229FB23001E579E /* Main.storyboard */; };
		100D002B2229FB27001E579E /* Assets.xcassets in Resources */ = {isa = PBXBuildFile; fileRef = 100D002A2229FB27001E579E /* Assets.xcassets */; };
		100D002E2229FB27001E579E /* LaunchScreen.storyboard in Resources */ = {isa = PBXBuildFile; fileRef = 100D002C2229FB27001E579E /* LaunchScreen.storyboard */; };
		100D0038222A0635001E579E /* loginCollectionCell.swift in Sources */ = {isa = PBXBuildFile; fileRef = 100D0037222A0635001E579E /* loginCollectionCell.swift */; };
		100D003D222A2D26001E579E /* Page.swift in Sources */ = {isa = PBXBuildFile; fileRef = 100D003C222A2D26001E579E /* Page.swift */; };
/* End PBXBuildFile section */

/* Begin PBXFileReference section */
		100D00202229FB23001E579E /* Audible-LetsBuildThatApp.app */ = {isa = PBXFileReference; explicitFileType = wrapper.application; includeInIndex = 0; path = "Audible-LetsBuildThatApp.app"; sourceTree = BUILT_PRODUCTS_DIR; };
		100D00232229FB23001E579E /* AppDelegate.swift */ = {isa = PBXFileReference; lastKnownFileType = sourcecode.swift; path = AppDelegate.swift; sourceTree = "<group>"; };
		100D00252229FB23001E579E /* ViewController.swift */ = {isa = PBXFileReference; lastKnownFileType = sourcecode.swift; path = ViewController.swift; sourceTree = "<group>"; };
		100D00282229FB23001E579E /* Base */ = {isa = PBXFileReference; lastKnownFileType = file.storyboard; name = Base; path = Base.lproj/Main.storyboard; sourceTree = "<group>"; };
		100D002A2229FB27001E579E /* Assets.xcassets */ = {isa = PBXFileReference; lastKnownFileType = folder.assetcatalog; path = Assets.xcassets; sourceTree = "<group>"; };
		100D002D2229FB27001E579E /* Base */ = {isa = PBXFileReference; lastKnownFileType = file.storyboard; name = Base; path = Base.lproj/LaunchScreen.storyboard; sourceTree = "<group>"; };
		100D002F2229FB27001E579E /* Info.plist */ = {isa = PBXFileReference; lastKnownFileType = text.plist.xml; path = Info.plist; sourceTree = "<group>"; };
		100D0037222A0635001E579E /* loginCollectionCell.swift */ = {isa = PBXFileReference; lastKnownFileType = sourcecode.swift; path = loginCollectionCell.swift; sourceTree = "<group>"; };
		100D003C222A2D26001E579E /* Page.swift */ = {isa = PBXFileReference; lastKnownFileType = sourcecode.swift; path = Page.swift; sourceTree = "<group>"; };
/* End PBXFileReference section */

/* Begin PBXFrameworksBuildPhase section */
		100D001D2229FB23001E579E /* Frameworks */ = {
			isa = PBXFrameworksBuildPhase;
			buildActionMask = 2147483647;
			files = (
			);
			runOnlyForDeploymentPostprocessing = 0;
		};
/* End PBXFrameworksBuildPhase section */

/* Begin PBXGroup section */
		100D00172229FB23001E579E = {
			isa = PBXGroup;
			children = (
				100D00222229FB23001E579E /* Audible-LetsBuildThatApp */,
				100D00212229FB23001E579E /* Products */,
			);
			sourceTree = "<group>";
		};
		100D00212229FB23001E579E /* Products */ = {
			isa = PBXGroup;
			children = (
				100D00202229FB23001E579E /* Audible-LetsBuildThatApp.app */,
			);
			name = Products;
			sourceTree = "<group>";
		};
		100D00222229FB23001E579E /* Audible-LetsBuildThatApp */ = {
			isa = PBXGroup;
			children = (
				100D003B222A2D13001E579E /* Model */,
				100D00362229FE57001E579E /* Controller */,
				100D00352229FE46001E579E /* View */,
				100D00232229FB23001E579E /* AppDelegate.swift */,
				100D00272229FB23001E579E /* Main.storyboard */,
				100D002A2229FB27001E579E /* Assets.xcassets */,
				100D002C2229FB27001E579E /* LaunchScreen.storyboard */,
				100D002F2229FB27001E579E /* Info.plist */,
			);
			path = "Audible-LetsBuildThatApp";
			sourceTree = "<group>";
		};
		100D00352229FE46001E579E /* View */ = {
			isa = PBXGroup;
			children = (
				100D0037222A0635001E579E /* loginCollectionCell.swift */,
			);
			path = View;
			sourceTree = "<group>";
		};
		100D00362229FE57001E579E /* Controller */ = {
			isa = PBXGroup;
			children = (
				100D00252229FB23001E579E /* ViewController.swift */,
			);
			path = Controller;
			sourceTree = "<group>";
		};
		100D003B222A2D13001E579E /* Model */ = {
			isa = PBXGroup;
			children = (
				100D003C222A2D26001E579E /* Page.swift */,
			);
			path = Model;
			sourceTree = "<group>";
		};
/* End PBXGroup section */

/* Begin PBXNativeTarget section */
		100D001F2229FB23001E579E /* Audible-LetsBuildThatApp */ = {
			isa = PBXNativeTarget;
			buildConfigurationList = 100D00322229FB27001E579E /* Build configuration list for PBXNativeTarget "Audible-LetsBuildThatApp" */;
			buildPhases = (
				100D001C2229FB23001E579E /* Sources */,
				100D001D2229FB23001E579E /* Frameworks */,
				100D001E2229FB23001E579E /* Resources */,
			);
			buildRules = (
			);
			dependencies = (
			);
			name = "Audible-LetsBuildThatApp";
			productName = "Audible-LetsBuildThatApp";
			productReference = 100D00202229FB23001E579E /* Audible-LetsBuildThatApp.app */;
			productType = "com.apple.product-type.application";
		};
/* End PBXNativeTarget section */

/* Begin PBXProject section */
		100D00182229FB23001E579E /* Project object */ = {
			isa = PBXProject;
			attributes = {
				LastSwiftUpdateCheck = 1010;
				LastUpgradeCheck = 1010;
				ORGANIZATIONNAME = nextU;
				TargetAttributes = {
					100D001F2229FB23001E579E = {
						CreatedOnToolsVersion = 10.1;
					};
				};
			};
			buildConfigurationList = 100D001B2229FB23001E579E /* Build configuration list for PBXProject "Audible-LetsBuildThatApp" */;
			compatibilityVersion = "Xcode 9.3";
			developmentRegion = en;
			hasScannedForEncodings = 0;
			knownRegions = (
				en,
				Base,
			);
			mainGroup = 100D00172229FB23001E579E;
			productRefGroup = 100D00212229FB23001E579E /* Products */;
			projectDirPath = "";
			projectRoot = "";
			targets = (
				100D001F2229FB23001E579E /* Audible-LetsBuildThatApp */,
			);
		};
/* End PBXProject section */

/* Begin PBXResourcesBuildPhase section */
		100D001E2229FB23001E579E /* Resources */ = {
			isa = PBXResourcesBuildPhase;
			buildActionMask = 2147483647;
			files = (
				100D002E2229FB27001E579E /* LaunchScreen.storyboard in Resources */,
				100D002B2229FB27001E579E /* Assets.xcassets in Resources */,
				100D00292229FB23001E579E /* Main.storyboard in Resources */,
			);
			runOnlyForDeploymentPostprocessing = 0;
		};
/* End PBXResourcesBuildPhase section */

/* Begin PBXSourcesBuildPhase section */
		100D001C2229FB23001E579E /* Sources */ = {
			isa = PBXSourcesBuildPhase;
			buildActionMask = 2147483647;
			files = (
				100D00262229FB23001E579E /* ViewController.swift in Sources */,
				100D0038222A0635001E579E /* loginCollectionCell.swift in Sources */,
				100D003D222A2D26001E579E /* Page.swift in Sources */,
				100D00242229FB23001E579E /* AppDelegate.swift in Sources */,
			);
			runOnlyForDeploymentPostprocessing = 0;
		};
/* End PBXSourcesBuildPhase section */

/* Begin PBXVariantGroup section */
		100D00272229FB23001E579E /* Main.storyboard */ = {
			isa = PBXVariantGroup;
			children = (
				100D00282229FB23001E579E /* Base */,
			);
			name = Main.storyboard;
			sourceTree = "<group>";
		};
		100D002C2229FB27001E579E /* LaunchScreen.storyboard */ = {
			isa = PBXVariantGroup;
			children = (
				100D002D2229FB27001E579E /* Base */,
			);
			name = LaunchScreen.storyboard;
			sourceTree = "<group>";
		};
/* End PBXVariantGroup section */

/* Begin XCBuildConfiguration section */
		100D00302229FB27001E579E /* Debug */ = {
			isa = XCBuildConfiguration;
			buildSettings = {
				ALWAYS_SEARCH_USER_PATHS = NO;
				CLANG_ANALYZER_NONNULL = YES;
				CLANG_ANALYZER_NUMBER_OBJECT_CONVERSION = YES_AGGRESSIVE;
				CLANG_CXX_LANGUAGE_STANDARD = "gnu++14";
				CLANG_CXX_LIBRARY = "libc++";
				CLANG_ENABLE_MODULES = YES;
				CLANG_ENABLE_OBJC_ARC = YES;
				CLANG_ENABLE_OBJC_WEAK = YES;
				CLANG_WARN_BLOCK_CAPTURE_AUTORELEASING = YES;
				CLANG_WARN_BOOL_CONVERSION = YES;
				CLANG_WARN_COMMA = YES;
				CLANG_WARN_CONSTANT_CONVERSION = YES;
				CLANG_WARN_DEPRECATED_OBJC_IMPLEMENTATIONS = YES;
				CLANG_WARN_DIRECT_OBJC_ISA_USAGE = YES_ERROR;
				CLANG_WARN_DOCUMENTATION_COMMENTS = YES;
				CLANG_WARN_EMPTY_BODY = YES;
				CLANG_WARN_ENUM_CONVERSION = YES;
				CLANG_WARN_INFINITE_RECURSION = YES;
				CLANG_WARN_INT_CONVERSION = YES;
				CLANG_WARN_NON_LITERAL_NULL_CONVERSION = YES;
				CLANG_WARN_OBJC_IMPLICIT_RETAIN_SELF = YES;
				CLANG_WARN_OBJC_LITERAL_CONVERSION = YES;
				CLANG_WARN_OBJC_ROOT_CLASS = YES_ERROR;
				CLANG_WARN_RANGE_LOOP_ANALYSIS = YES;
				CLANG_WARN_STRICT_PROTOTYPES = YES;
				CLANG_WARN_SUSPICIOUS_MOVE = YES;
				CLANG_WARN_UNGUARDED_AVAILABILITY = YES_AGGRESSIVE;
				CLANG_WARN_UNREACHABLE_CODE = YES;
				CLANG_WARN__DUPLICATE_METHOD_MATCH = YES;
				CODE_SIGN_IDENTITY = "iPhone Developer";
				COPY_PHASE_STRIP = NO;
				DEBUG_INFORMATION_FORMAT = dwarf;
				ENABLE_STRICT_OBJC_MSGSEND = YES;
				ENABLE_TESTABILITY = YES;
				GCC_C_LANGUAGE_STANDARD = gnu11;
				GCC_DYNAMIC_NO_PIC = NO;
				GCC_NO_COMMON_BLOCKS = YES;
				GCC_OPTIMIZATION_LEVEL = 0;
				GCC_PREPROCESSOR_DEFINITIONS = (
					"DEBUG=1",
					"$(inherited)",
				);
				GCC_WARN_64_TO_32_BIT_CONVERSION = YES;
				GCC_WARN_ABOUT_RETURN_TYPE = YES_ERROR;
				GCC_WARN_UNDECLARED_SELECTOR = YES;
				GCC_WARN_UNINITIALIZED_AUTOS = YES_AGGRESSIVE;
				GCC_WARN_UNUSED_FUNCTION = YES;
				GCC_WARN_UNUSED_VARIABLE = YES;
				IPHONEOS_DEPLOYMENT_TARGET = 12.1;
				MTL_ENABLE_DEBUG_INFO = INCLUDE_SOURCE;
				MTL_FAST_MATH = YES;
				ONLY_ACTIVE_ARCH = YES;
				SDKROOT = iphoneos;
				SWIFT_ACTIVE_COMPILATION_CONDITIONS = DEBUG;
				SWIFT_OPTIMIZATION_LEVEL = "-Onone";
			};
			name = Debug;
		};
		100D00312229FB27001E579E /* Release */ = {
			isa = XCBuildConfiguration;
			buildSettings = {
				ALWAYS_SEARCH_USER_PATHS = NO;
				CLANG_ANALYZER_NONNULL = YES;
				CLANG_ANALYZER_NUMBER_OBJECT_CONVERSION = YES_AGGRESSIVE;
				CLANG_CXX_LANGUAGE_STANDARD = "gnu++14";
				CLANG_CXX_LIBRARY = "libc++";
				CLANG_ENABLE_MODULES = YES;
				CLANG_ENABLE_OBJC_ARC = YES;
				CLANG_ENABLE_OBJC_WEAK = YES;
				CLANG_WARN_BLOCK_CAPTURE_AUTORELEASING = YES;
				CLANG_WARN_BOOL_CONVERSION = YES;
				CLANG_WARN_COMMA = YES;
				CLANG_WARN_CONSTANT_CONVERSION = YES;
				CLANG_WARN_DEPRECATED_OBJC_IMPLEMENTATIONS = YES;
				CLANG_WARN_DIRECT_OBJC_ISA_USAGE = YES_ERROR;
				CLANG_WARN_DOCUMENTATION_COMMENTS = YES;
				CLANG_WARN_EMPTY_BODY = YES;
				CLANG_WARN_ENUM_CONVERSION = YES;
				CLANG_WARN_INFINITE_RECURSION = YES;
				CLANG_WARN_INT_CONVERSION = YES;
				CLANG_WARN_NON_LITERAL_NULL_CONVERSION = YES;
				CLANG_WARN_OBJC_IMPLICIT_RETAIN_SELF = YES;
				CLANG_WARN_OBJC_LITERAL_CONVERSION = YES;
				CLANG_WARN_OBJC_ROOT_CLASS = YES_ERROR;
				CLANG_WARN_RANGE_LOOP_ANALYSIS = YES;
				CLANG_WARN_STRICT_PROTOTYPES = YES;
				CLANG_WARN_SUSPICIOUS_MOVE = YES;
				CLANG_WARN_UNGUARDED_AVAILABILITY = YES_AGGRESSIVE;
				CLANG_WARN_UNREACHABLE_CODE = YES;
				CLANG_WARN__DUPLICATE_METHOD_MATCH = YES;
				CODE_SIGN_IDENTITY = "iPhone Developer";
				COPY_PHASE_STRIP = NO;
				DEBUG_INFORMATION_FORMAT = "dwarf-with-dsym";
				ENABLE_NS_ASSERTIONS = NO;
				ENABLE_STRICT_OBJC_MSGSEND = YES;
				GCC_C_LANGUAGE_STANDARD = gnu11;
				GCC_NO_COMMON_BLOCKS = YES;
				GCC_WARN_64_TO_32_BIT_CONVERSION = YES;
				GCC_WARN_ABOUT_RETURN_TYPE = YES_ERROR;
				GCC_WARN_UNDECLARED_SELECTOR = YES;
				GCC_WARN_UNINITIALIZED_AUTOS = YES_AGGRESSIVE;
				GCC_WARN_UNUSED_FUNCTION = YES;
				GCC_WARN_UNUSED_VARIABLE = YES;
				IPHONEOS_DEPLOYMENT_TARGET = 12.1;
				MTL_ENABLE_DEBUG_INFO = NO;
				MTL_FAST_MATH = YES;
				SDKROOT = iphoneos;
				SWIFT_COMPILATION_MODE = wholemodule;
				SWIFT_OPTIMIZATION_LEVEL = "-O";
				VALIDATE_PRODUCT = YES;
			};
			name = Release;
		};
		100D00332229FB27001E579E /* Debug */ = {
			isa = XCBuildConfiguration;
			buildSettings = {
				ASSETCATALOG_COMPILER_APPICON_NAME = AppIcon;
				CODE_SIGN_STYLE = Automatic;
				INFOPLIST_FILE = "Audible-LetsBuildThatApp/Info.plist";
				LD_RUNPATH_SEARCH_PATHS = (
					"$(inherited)",
					"@executable_path/Frameworks",
				);
				PRODUCT_BUNDLE_IDENTIFIER = "com.nextu.iosdeveloper.Audible-LetsBuildThatApp";
				PRODUCT_NAME = "$(TARGET_NAME)";
				SWIFT_VERSION = 4.2;
				TARGETED_DEVICE_FAMILY = "1,2";
			};
			name = Debug;
		};
		100D00342229FB27001E579E /* Release */ = {
			isa = XCBuildConfiguration;
			buildSettings = {
				ASSETCATALOG_COMPILER_APPICON_NAME = AppIcon;
				CODE_SIGN_STYLE = Automatic;
				INFOPLIST_FILE = "Audible-LetsBuildThatApp/Info.plist";
				LD_RUNPATH_SEARCH_PATHS = (
					"$(inherited)",
					"@executable_path/Frameworks",
				);
				PRODUCT_BUNDLE_IDENTIFIER = "com.nextu.iosdeveloper.Audible-LetsBuildThatApp";
				PRODUCT_NAME = "$(TARGET_NAME)";
				SWIFT_VERSION = 4.2;
				TARGETED_DEVICE_FAMILY = "1,2";
			};
			name = Release;
		};
/* End XCBuildConfiguration section */

/* Begin XCConfigurationList section */
		100D001B2229FB23001E579E /* Build configuration list for PBXProject "Audible-LetsBuildThatApp" */ = {
			isa = XCConfigurationList;
			buildConfigurations = (
				100D00302229FB27001E579E /* Debug */,
				100D00312229FB27001E579E /* Release */,
			);
			defaultConfigurationIsVisible = 0;
			defaultConfigurationName = Release;
		};
		100D00322229FB27001E579E /* Build configuration list for PBXNativeTarget "Audible-LetsBuildThatApp" */ = {
			isa = XCConfigurationList;
			buildConfigurations = (
				100D00332229FB27001E579E /* Debug */,
				100D00342229FB27001E579E /* Release */,
			);
			defaultConfigurationIsVisible = 0;
			defaultConfigurationName = Release;
		};
/* End XCConfigurationList section */
	};
	rootObject = 100D00182229FB23001E579E /* Project object */;
}
